
Microsoft Visual Studio Solution File, Format Version 12.00
# Visual Studio Version 16
VisualStudioVersion = 16.0.31911.196
MinimumVisualStudioVersion = 10.0.40219.1
Project("{9A19103F-16F7-4668-BE54-9A1E7A4F7556}") = "CoreDemo", "CoreDemo\CoreDemo.csproj", "{14CB4B18-8269-4FCD-B43B-A6DD371C8430}"
EndProject
Project("{9A19103F-16F7-4668-BE54-9A1E7A4F7556}") = "EntityLayer", "EntityLayer\EntityLayer.csproj", "{15A47CFC-8B1F-41BE-BB42-CF1EBA2DF411}"
EndProject
Project("{9A19103F-16F7-4668-BE54-9A1E7A4F7556}") = "DataAccessLayer", "DataAccessLayer\DataAccessLayer.csproj", "{3E373D2C-F560-47D3-A07A-5C91D7F26941}"
EndProject
Project("{9A19103F-16F7-4668-BE54-9A1E7A4F7556}") = "BusinessLayer", "BusinessLayer\BusinessLayer.csproj", "{A1325636-6E78-4D5E-B114-D6E9F6667459}"
EndProject
Project("{9A19103F-16F7-4668-BE54-9A1E7A4F7556}") = "CoreLayer", "CoreLayer\CoreLayer.csproj", "{4171805A-7753-4E40-941E-A7B1E19AC463}"
EndProject
Project("{FAE04EC0-301F-11D3-BF4B-00C04F79EFBC}") = "BlogApiDemo", "BlogApiDemo\BlogApiDemo.csproj", "{8BF1000A-87DE-4DC2-A38C-BF1EF2F32BA0}"
EndProject
Global
	GlobalSection(SolutionConfigurationPlatforms) = preSolution
		Debug|Any CPU = Debug|Any CPU
		Release|Any CPU = Release|Any CPU
	EndGlobalSection
	GlobalSection(ProjectConfigurationPlatforms) = postSolution
		{14CB4B18-8269-4FCD-B43B-A6DD371C8430}.Debug|Any CPU.ActiveCfg = Debug|Any CPU
		{14CB4B18-8269-4FCD-B43B-A6DD371C8430}.Debug|Any CPU.Build.0 = Debug|Any CPU
		{14CB4B18-8269-4FCD-B43B-A6DD371C8430}.Release|Any CPU.ActiveCfg = Release|Any CPU
		{14CB4B18-8269-4FCD-B43B-A6DD371C8430}.Release|Any CPU.Build.0 = Release|Any CPU
		{15A47CFC-8B1F-41BE-BB42-CF1EBA2DF411}.Debug|Any CPU.ActiveCfg = Debug|Any CPU
		{15A47CFC-8B1F-41BE-BB42-CF1EBA2DF411}.Debug|Any CPU.Build.0 = Debug|Any CPU
		{15A47CFC-8B1F-41BE-BB42-CF1EBA2DF411}.Release|Any CPU.ActiveCfg = Release|Any CPU
		{15A47CFC-8B1F-41BE-BB42-CF1EBA2DF411}.Release|Any CPU.Build.0 = Release|Any CPU
		{3E373D2C-F560-47D3-A07A-5C91D7F26941}.Debug|Any CPU.ActiveCfg = Debug|Any CPU
		{3E373D2C-F560-47D3-A07A-5C91D7F26941}.Debug|Any CPU.Build.0 = Debug|Any CPU
		{3E373D2C-F560-47D3-A07A-5C91D7F26941}.Release|Any CPU.ActiveCfg = Release|Any CPU
		{3E373D2C-F560-47D3-A07A-5C91D7F26941}.Release|Any CPU.Build.0 = Release|Any CPU
		{A1325636-6E78-4D5E-B114-D6E9F6667459}.Debug|Any CPU.ActiveCfg = Debug|Any CPU
		{A1325636-6E78-4D5E-B114-D6E9F6667459}.Debug|Any CPU.Build.0 = Debug|Any CPU
		{A1325636-6E78-4D5E-B114-D6E9F6667459}.Release|Any CPU.ActiveCfg = Release|Any CPU
		{A1325636-6E78-4D5E-B114-D6E9F6667459}.Release|Any CPU.Build.0 = Release|Any CPU
		{4171805A-7753-4E40-941E-A7B1E19AC463}.Debug|Any CPU.ActiveCfg = Debug|Any CPU
		{4171805A-7753-4E40-941E-A7B1E19AC463}.Debug|Any CPU.Build.0 = Debug|Any CPU
		{4171805A-7753-4E40-941E-A7B1E19AC463}.Release|Any CPU.ActiveCfg = Release|Any CPU
		{4171805A-7753-4E40-941E-A7B1E19AC463}.Release|Any CPU.Build.0 = Release|Any CPU
		{8BF1000A-87DE-4DC2-A38C-BF1EF2F32BA0}.Debug|Any CPU.ActiveCfg = Debug|Any CPU
		{8BF1000A-87DE-4DC2-A38C-BF1EF2F32BA0}.Debug|Any CPU.Build.0 = Debug|Any CPU
		{8BF1000A-87DE-4DC2-A38C-BF1EF2F32BA0}.Release|Any CPU.ActiveCfg = Release|Any CPU
		{8BF1000A-87DE-4DC2-A38C-BF1EF2F32BA0}.Release|Any CPU.Build.0 = Release|Any CPU
	EndGlobalSection
	GlobalSection(SolutionProperties) = preSolution
		HideSolutionNode = FALSE
	EndGlobalSection
	GlobalSection(ExtensibilityGlobals) = postSolution
		SolutionGuid = {C53927CF-F0A8-49B5-BC41-44F2B6E7AA5C}
	EndGlobalSection
EndGlobal
